{
  "projects": [
    {
      "projectId": "tUi91SKLM7F3mDsG9F2SWh",
      "version": "latest",
      "dependencies": {},
      "lang": "js",
      "fileLocks": [
        {
          "type": "globalVariant",
          "assetId": "8qoaMan3bj7e37",
          "checksum": "f8f2b1c78983b0cf05c9a8dca5ca2279"
        },
        {
          "assetId": "tUi91SKLM7F3mDsG9F2SWh",
          "type": "projectCss",
          "checksum": "fd6e1e795e92753b144c3cdbeec517cc"
        },
        {
          "type": "renderModule",
          "assetId": "g9BLWhA5LCMeb",
          "checksum": "934036ad34378fa0529799a223d99049"
        },
        {
          "type": "cssRules",
          "assetId": "g9BLWhA5LCMeb",
          "checksum": "934036ad34378fa0529799a223d99049"
        },
        {
          "type": "renderModule",
          "assetId": "e0K35DpS7Tfcj-",
          "checksum": "164780496b6b4f3f67f38c4fff4e66ff"
        },
        {
          "type": "cssRules",
          "assetId": "e0K35DpS7Tfcj-",
          "checksum": "164780496b6b4f3f67f38c4fff4e66ff"
        },
        {
          "type": "renderModule",
          "assetId": "T-rYn7HREpOF0B",
          "checksum": "609965690dd850eee060b97956aa53ef"
        },
        {
          "type": "cssRules",
          "assetId": "T-rYn7HREpOF0B",
          "checksum": "609965690dd850eee060b97956aa53ef"
        },
        {
          "type": "renderModule",
          "assetId": "2FULnyW5Xn7976",
          "checksum": "756fe03ed24f0a3ac07256829c306491"
        },
        {
          "type": "cssRules",
          "assetId": "2FULnyW5Xn7976",
          "checksum": "756fe03ed24f0a3ac07256829c306491"
        },
        {
          "type": "renderModule",
          "assetId": "01mjekF7qCxWMP",
          "checksum": "5716377b39a5c29d31418031e4c5ce49"
        },
        {
          "type": "cssRules",
          "assetId": "01mjekF7qCxWMP",
          "checksum": "5716377b39a5c29d31418031e4c5ce49"
        },
        {
          "type": "renderModule",
          "assetId": "F2juTEgTCr2z8q",
          "checksum": "b1f475c351dab321719afd8bb14c3660"
        },
        {
          "type": "cssRules",
          "assetId": "F2juTEgTCr2z8q",
          "checksum": "b1f475c351dab321719afd8bb14c3660"
        },
        {
          "type": "renderModule",
          "assetId": "mliw04g7hoJQEv",
          "checksum": "061bde4b87f24e6de4233990cb578e86"
        },
        {
          "type": "cssRules",
          "assetId": "mliw04g7hoJQEv",
          "checksum": "061bde4b87f24e6de4233990cb578e86"
        },
        {
          "type": "renderModule",
          "assetId": "ilzFVGDH8EBCyJ",
          "checksum": "2a98382f7bfe2c3bce64a78f79fef86d"
        },
        {
          "type": "cssRules",
          "assetId": "ilzFVGDH8EBCyJ",
          "checksum": "2a98382f7bfe2c3bce64a78f79fef86d"
        },
        {
          "type": "renderModule",
          "assetId": "fXtYxpRyLmm2YS",
          "checksum": "fb3a49772313a6f26c3e3956fff3c445"
        },
        {
          "type": "cssRules",
          "assetId": "fXtYxpRyLmm2YS",
          "checksum": "fb3a49772313a6f26c3e3956fff3c445"
        },
        {
          "type": "renderModule",
          "assetId": "U1ulckQiwOsA3e",
          "checksum": "2e3a68c45d1c4ccf95d824c26a24db61"
        },
        {
          "type": "cssRules",
          "assetId": "U1ulckQiwOsA3e",
          "checksum": "2e3a68c45d1c4ccf95d824c26a24db61"
        },
        {
          "type": "renderModule",
          "assetId": "7XMtnCWHi6HdSj",
          "checksum": "cd6d769349298444f63725fc53cf9ae6"
        },
        {
          "type": "cssRules",
          "assetId": "7XMtnCWHi6HdSj",
          "checksum": "cd6d769349298444f63725fc53cf9ae6"
        },
        {
          "type": "renderModule",
          "assetId": "F_Ee7blMBtmi3s",
          "checksum": "80e1db3e7253922b7b61d533cc20d3ff"
        },
        {
          "type": "cssRules",
          "assetId": "F_Ee7blMBtmi3s",
          "checksum": "80e1db3e7253922b7b61d533cc20d3ff"
        },
        {
          "type": "renderModule",
          "assetId": "RfuTAuNs8j3EaB",
          "checksum": "b3c746cdf2437d3cdbe712e2878f8dae"
        },
        {
          "type": "cssRules",
          "assetId": "RfuTAuNs8j3EaB",
          "checksum": "b3c746cdf2437d3cdbe712e2878f8dae"
        },
        {
          "type": "renderModule",
          "assetId": "9TaI2dLZLjnx2i",
          "checksum": "5e44ced42a97d93c6401a325b127d86e"
        },
        {
          "type": "cssRules",
          "assetId": "9TaI2dLZLjnx2i",
          "checksum": "5e44ced42a97d93c6401a325b127d86e"
        },
        {
          "type": "renderModule",
          "assetId": "11te5oPhWkKopS",
          "checksum": "d540927f377d6069b8cca84c27a83c5c"
        },
        {
          "type": "cssRules",
          "assetId": "11te5oPhWkKopS",
          "checksum": "d540927f377d6069b8cca84c27a83c5c"
        },
        {
          "type": "renderModule",
          "assetId": "gio1NWm3pYVVA1",
          "checksum": "b39c58c7211b57c9cd21b0bc9d6bc72b"
        },
        {
          "type": "cssRules",
          "assetId": "gio1NWm3pYVVA1",
          "checksum": "b39c58c7211b57c9cd21b0bc9d6bc72b"
        },
        {
          "type": "icon",
          "assetId": "2ckXzOKO-Ulbt3",
          "checksum": "604b8e8136605b91aad500c7242ae0f0"
        },
        {
          "type": "icon",
          "assetId": "8yS2mdp0qof065",
          "checksum": "b2935198e3a7830bad8858698e60448e"
        },
        {
          "type": "icon",
          "assetId": "jIgH6z-0N2mxsN",
          "checksum": "0b251663c1683dace54bc0531f0ea9ea"
        },
        {
          "type": "icon",
          "assetId": "0s7GS3isPHBR_c",
          "checksum": "ac756dd8ed6cb1c6c15b7bffdead5b90"
        },
        {
          "type": "icon",
          "assetId": "xARRUJ7UUH6IN1",
          "checksum": "4e9488f5cf1580959094eaef90b87b8e"
        },
        {
          "type": "icon",
          "assetId": "lVI4NqqXZQDdfT",
          "checksum": "d01f22f1b6626b49840210d62bef0514"
        },
        {
          "type": "icon",
          "assetId": "vK2oBAFcYGHH_8",
          "checksum": "d3458841bffa9a1ca2f286fac3529dcf"
        },
        {
          "type": "icon",
          "assetId": "kNkQkVXNrnU75F",
          "checksum": "592e446c8e91c1b3f80fc8035ea21427"
        },
        {
          "type": "icon",
          "assetId": "ehj71t7WqbMCVg",
          "checksum": "28216bd6291e4af34a2b7f9d7cf9c3f6"
        },
        {
          "type": "icon",
          "assetId": "hNg3PwA52cbNDX",
          "checksum": "956389a15a4c256b1b800ec0cf402803"
        },
        {
          "type": "icon",
          "assetId": "gJbyfJ7A9S5Q4X",
          "checksum": "15dfbde0f23bf07e18ca6dbe0bb93d48"
        },
        {
          "type": "icon",
          "assetId": "_Vw5iVe7FsxtEd",
          "checksum": "e2ba672c3f2a94078c6ef283b98bbd1a"
        },
        {
          "type": "icon",
          "assetId": "sIPnRbjpMyCWIL",
          "checksum": "400b0fc0875edca077dbcfc61fdd7e66"
        },
        {
          "type": "icon",
          "assetId": "SuVEbMSVEMCJwz",
          "checksum": "7314cad54225df100c1f9d8dd8d92112"
        },
        {
          "type": "icon",
          "assetId": "CEla_wp19wuWa7",
          "checksum": "86318a9687b2e5a9ab259e2659f22a0f"
        },
        {
          "type": "icon",
          "assetId": "UDb4oQ7KMRPv6r",
          "checksum": "614df8bebdd492c7f11b188d72a45d2e"
        },
        {
          "type": "icon",
          "assetId": "bDNOZmUkAiJjYm",
          "checksum": "2324d940012cd2f279af0ecedc605b08"
        },
        {
          "type": "image",
          "assetId": "ScqeKX6fclCnHQ",
          "checksum": "eccda730b8a2b9f6d33e63415d11aea4"
        },
        {
          "type": "image",
          "assetId": "GSNunhjo5mpecm",
          "checksum": "3c9666887b8b95c57151c63ab11f5426"
        },
        {
          "type": "image",
          "assetId": "0MxuXo-W11uWao",
          "checksum": "c9703674411cfb64ca2b4055430a110a"
        },
        {
          "type": "image",
          "assetId": "hfPEnniLm4saQP",
          "checksum": "8562506744eb2d6f8592248653f05878"
        },
        {
          "type": "image",
          "assetId": "me4_5HNebQVWPy",
          "checksum": "02695a10b9b1364a6d86327f7c1b66b1"
        },
        {
          "type": "image",
          "assetId": "PMPDiCBvzARfS1",
          "checksum": "3436a0b02863a8eed528015561ac8263"
        },
        {
          "type": "image",
          "assetId": "jCq1RAVY-WF52h",
          "checksum": "b7815d41cdf56c4c0c75f644102d6f0e"
        },
        {
          "type": "image",
          "assetId": "54s4v5CB13vSfX",
          "checksum": "25a598b5659bbec84c7e411e2e006350"
        },
        {
          "type": "image",
          "assetId": "jjIbvPfW8bPQVM",
          "checksum": "0ef523304edfbdda802cb013f77de613"
        },
        {
          "type": "image",
          "assetId": "Vu3Xv6ttfSpcJM",
          "checksum": "1f940d3422dfbece31908b366b8689da"
        },
        {
          "type": "image",
          "assetId": "s3kLREjfrSuDRn",
          "checksum": "4f9714bb7bebea23dc12cf1789e1e306"
        },
        {
          "type": "image",
          "assetId": "LJOu9C16vxLys1",
          "checksum": "d0759d89781ee3189a4f811ced35ee98"
        },
        {
          "type": "image",
          "assetId": "Hb7JyUBYgsHpL7",
          "checksum": "7b39b7138a1925589fc7d27c32966869"
        },
        {
          "type": "image",
          "assetId": "FZSfM0DjLcZ8jN",
          "checksum": "a8d06c23b61062d9ca26ae49951198d7"
        },
        {
          "type": "image",
          "assetId": "8hST94m4EQvBul",
          "checksum": "089f35d1c0f6d86ecff398d8fd84fbe6"
        },
        {
          "type": "image",
          "assetId": "4jJCb-ZPwbgSEB",
          "checksum": "79d2e2559deee9cbf0f35e86ff62c342"
        },
        {
          "type": "image",
          "assetId": "1UxcNIAtbjWeFa",
          "checksum": "8eda0fc35db4a445fea1591e0dba5895"
        },
        {
          "type": "image",
          "assetId": "FjEt_o1TbpVfOS",
          "checksum": "667953603df053145e76df4635f425fc"
        },
        {
          "type": "image",
          "assetId": "yIXg5OaGwb6wq9",
          "checksum": "59562f2d30267ec8ca6755892c3a4e37"
        },
        {
          "type": "image",
          "assetId": "fvpREEJIwEWMXT",
          "checksum": "0cd12d49f2db771f54439906ec75fe37"
        }
      ],
      "codegenVersion": "0.0.1"
    }
  ],
  "cliVersion": "0.1.174"
}
